<?xml version="1.0" encoding="utf-8"?>
<Project ToolsVersion="4.0" xmlns="http://schemas.microsoft.com/developer/msbuild/2003">
  <ItemGroup>
    <Filter Include="Archivos de origen">
      <UniqueIdentifier>{4FC737F1-C7A5-4376-A066-2A32D752A2FF}</UniqueIdentifier>
      <Extensions>cpp;c;cc;cxx;c++;cppm;ixx;def;odl;idl;hpj;bat;asm;asmx</Extensions>
    </Filter>
    <Filter Include="Archivos de encabezado">
      <UniqueIdentifier>{93995380-89BD-4b04-88EB-625FBE52EBFB}</UniqueIdentifier>
      <Extensions>h;hh;hpp;hxx;h++;hm;inl;inc;ipp;xsd</Extensions>
    </Filter>
    <Filter Include="Archivos de recursos">
      <UniqueIdentifier>{67DA6AB6-F800-4c08-8B7A-83BB121AAD01}</UniqueIdentifier>
      <Extensions>rc;ico;cur;bmp;dlg;rc2;rct;bin;rgs;gif;jpg;jpeg;jpe;resx;tiff;tif;png;wav;mfcribbon-ms</Extensions>
    </Filter>
    <Filter Include="Archivos de recursos\test">
      <UniqueIdentifier>{00a17aa3-fe95-4f81-9197-420f08518aa7}</UniqueIdentifier>
    </Filter>
    <Filter Include="Archivos de recursos\figura">
      <UniqueIdentifier>{09a7d9f6-0932-495f-88f3-e050d5d3b73a}</UniqueIdentifier>
    </Filter>
    <Filter Include="Archivos de recursos\funcionesDeApoyo">
      <UniqueIdentifier>{d5eb929a-292e-4d64-ad19-a9dacda3d184}</UniqueIdentifier>
    </Filter>
    <Filter Include="Archivos de recursos\tauler">
      <UniqueIdentifier>{c2171cad-5793-4bb1-8f74-19994cf7e038}</UniqueIdentifier>
    </Filter>
    <Filter Include="Archivos de recursos\joc">
      <UniqueIdentifier>{e873f527-afc6-4f5d-9ba1-1c75047050e4}</UniqueIdentifier>
    </Filter>
  </ItemGroup>
  <ItemGroup>
    <ClCompile Include="test.cpp">
      <Filter>Archivos de recursos\test</Filter>
    </ClCompile>
    <ClCompile Include="figura.cpp">
      <Filter>Archivos de recursos\figura</Filter>
    </ClCompile>
    <ClCompile Include="funcionAuxiliars.cpp">
      <Filter>Archivos de recursos\funcionesDeApoyo</Filter>
    </ClCompile>
    <ClCompile Include="Tauler.cpp">
      <Filter>Archivos de recursos\tauler</Filter>
    </ClCompile>
    <ClCompile Include="Joc.cpp">
      <Filter>Archivos de recursos\joc</Filter>
    </ClCompile>
  </ItemGroup>
  <ItemGroup>
    <ClInclude Include="struct.h">
      <Filter>Archivos de recursos</Filter>
    </ClInclude>
    <ClInclude Include="test.h">
      <Filter>Archivos de recursos\test</Filter>
    </ClInclude>
    <ClInclude Include="figura.h">
      <Filter>Archivos de recursos\figura</Filter>
    </ClInclude>
    <ClInclude Include="funcionAuxiliar.h">
      <Filter>Archivos de recursos\funcionesDeApoyo</Filter>
    </ClInclude>
    <ClInclude Include="Tauler.h">
      <Filter>Archivos de recursos\tauler</Filter>
    </ClInclude>
    <ClInclude Include="Joc.h">
      <Filter>Archivos de recursos\joc</Filter>
    </ClInclude>
    <ClInclude Include="archiuTest.txt">
      <Filter>Archivos de recursos\test</Filter>
    </ClInclude>
  </ItemGroup>
</Project>